// !$*UTF8*$!
{
	archiveVersion = 1;
	classes = {
	};
	objectVersion = 46;
	objects = {

/* Begin PBXBuildFile section */
		07191B901EB64A640024BF35 /* SelectServiceViewController.swift in Sources */ = {isa = PBXBuildFile; fileRef = 07191B8F1EB64A640024BF35 /* SelectServiceViewController.swift */; };
		077871BF1EA7E58B00652EE5 /* mwlogo.png in Resources */ = {isa = PBXBuildFile; fileRef = 077871BE1EA7E58B00652EE5 /* mwlogo.png */; };
		079726341EB2FC4400A3DF1C /* Ready2Book.storyboard in Resources */ = {isa = PBXBuildFile; fileRef = 079726331EB2FC4400A3DF1C /* Ready2Book.storyboard */; };
		079726381EB2FE7200A3DF1C /* Ready2BookViewController.swift in Sources */ = {isa = PBXBuildFile; fileRef = 079726371EB2FE7200A3DF1C /* Ready2BookViewController.swift */; };
		0797263C1EB3077400A3DF1C /* CompanyCell.swift in Sources */ = {isa = PBXBuildFile; fileRef = 0797263B1EB3077400A3DF1C /* CompanyCell.swift */; };
		3A3F7FA21EB5C90300F15BB3 /* WasherHistory.storyboard in Resources */ = {isa = PBXBuildFile; fileRef = 3A3F7FA11EB5C90300F15BB3 /* WasherHistory.storyboard */; };
		3A3F7FA41EB5CA7200F15BB3 /* WasherHistoryTableViewController.swift in Sources */ = {isa = PBXBuildFile; fileRef = 3A3F7FA31EB5CA7200F15BB3 /* WasherHistoryTableViewController.swift */; };
		3A3F7FA61EB5D2B800F15BB3 /* WasherHistoryTableViewCell.swift in Sources */ = {isa = PBXBuildFile; fileRef = 3A3F7FA51EB5D2B800F15BB3 /* WasherHistoryTableViewCell.swift */; };
		0799D57D1EBCFC370027C1D8 /* ServiceTableViewCell.swift in Sources */ = {isa = PBXBuildFile; fileRef = 0799D57C1EBCFC370027C1D8 /* ServiceTableViewCell.swift */; };
		780D45CC1EA3DDDA00FB4D35 /* AppDelegate.swift in Sources */ = {isa = PBXBuildFile; fileRef = 780D45CB1EA3DDDA00FB4D35 /* AppDelegate.swift */; };
		780D45CE1EA3DDDA00FB4D35 /* HomeViewController.swift in Sources */ = {isa = PBXBuildFile; fileRef = 780D45CD1EA3DDDA00FB4D35 /* HomeViewController.swift */; };
		780D45D11EA3DDDA00FB4D35 /* Home.storyboard in Resources */ = {isa = PBXBuildFile; fileRef = 780D45CF1EA3DDDA00FB4D35 /* Home.storyboard */; };
		780D45D31EA3DDDA00FB4D35 /* Assets.xcassets in Resources */ = {isa = PBXBuildFile; fileRef = 780D45D21EA3DDDA00FB4D35 /* Assets.xcassets */; };
		780D45D61EA3DDDA00FB4D35 /* LaunchScreen.storyboard in Resources */ = {isa = PBXBuildFile; fileRef = 780D45D41EA3DDDA00FB4D35 /* LaunchScreen.storyboard */; };
		780D45E11EA3DDDB00FB4D35 /* MobeWashTests.swift in Sources */ = {isa = PBXBuildFile; fileRef = 780D45E01EA3DDDB00FB4D35 /* MobeWashTests.swift */; };
		780D45EC1EA3DDDB00FB4D35 /* MobeWashUITests.swift in Sources */ = {isa = PBXBuildFile; fileRef = 780D45EB1EA3DDDB00FB4D35 /* MobeWashUITests.swift */; };
		78124A021EC33D7900962AEF /* SelectService.storyboard in Resources */ = {isa = PBXBuildFile; fileRef = 78124A041EC33D7900962AEF /* SelectService.storyboard */; };
		78124A081EC3B75F00962AEF /* BillingTextField.swift in Sources */ = {isa = PBXBuildFile; fileRef = 78124A071EC3B75F00962AEF /* BillingTextField.swift */; };
		783919D11EBA9EDE0086CF37 /* Calendar.storyboard in Resources */ = {isa = PBXBuildFile; fileRef = 783919D01EBA9EDE0086CF37 /* Calendar.storyboard */; };
		783919D31EBAA1B70086CF37 /* CalendarJTAppleCell.swift in Sources */ = {isa = PBXBuildFile; fileRef = 783919D21EBAA1B70086CF37 /* CalendarJTAppleCell.swift */; };
		783919D51EBAA3310086CF37 /* CalendarViewController.swift in Sources */ = {isa = PBXBuildFile; fileRef = 783919D41EBAA3310086CF37 /* CalendarViewController.swift */; };
		78CDC7C61EB8363400495ED0 /* MobeWashStyles.swift in Sources */ = {isa = PBXBuildFile; fileRef = 78CDC7C51EB8363400495ED0 /* MobeWashStyles.swift */; };
		78CDC7C81EB836B200495ED0 /* ThemeManager.swift in Sources */ = {isa = PBXBuildFile; fileRef = 78CDC7C71EB836B200495ED0 /* ThemeManager.swift */; };
		78CDC7CB1EB8721100495ED0 /* CustomButton.swift in Sources */ = {isa = PBXBuildFile; fileRef = 78CDC7CA1EB8721100495ED0 /* CustomButton.swift */; };
		78CDC7CF1EB8881000495ED0 /* CustomUINavBar.swift in Sources */ = {isa = PBXBuildFile; fileRef = 78CDC7CE1EB8881000495ED0 /* CustomUINavBar.swift */; };
		78CDC7D11EB888C700495ED0 /* CustomUINavItem.swift in Sources */ = {isa = PBXBuildFile; fileRef = 78CDC7D01EB888C700495ED0 /* CustomUINavItem.swift */; };
		78FCB3E61EB6E9A20094C161 /* Time.storyboard in Resources */ = {isa = PBXBuildFile; fileRef = 78FCB3E51EB6E9A20094C161 /* Time.storyboard */; };
		78FCB3E81EB6E9B40094C161 /* TimeViewController.swift in Sources */ = {isa = PBXBuildFile; fileRef = 78FCB3E71EB6E9B40094C161 /* TimeViewController.swift */; };
		8C2EF0F61EB43CC900514560 /* TextfieldExtensions.swift in Sources */ = {isa = PBXBuildFile; fileRef = 8C2EF0F51EB43CC900514560 /* TextfieldExtensions.swift */; };
		8C34AA391EB15930000A5490 /* Package.swift in Sources */ = {isa = PBXBuildFile; fileRef = 8C34AA381EB15930000A5490 /* Package.swift */; };
		8C34AA3B1EB1BAE7000A5490 /* Company.swift in Sources */ = {isa = PBXBuildFile; fileRef = 8C34AA3A1EB1BAE7000A5490 /* Company.swift */; };
		8C34AA3D1EB1BFE5000A5490 /* CompanySetting.swift in Sources */ = {isa = PBXBuildFile; fileRef = 8C34AA3C1EB1BFE5000A5490 /* CompanySetting.swift */; };
		8C34AA3F1EB1D329000A5490 /* Booking.swift in Sources */ = {isa = PBXBuildFile; fileRef = 8C34AA3E1EB1D329000A5490 /* Booking.swift */; };
		8C34AA411EB1D3A8000A5490 /* Field.swift in Sources */ = {isa = PBXBuildFile; fileRef = 8C34AA401EB1D3A8000A5490 /* Field.swift */; };
		8C34AA431EB30355000A5490 /* BillingDetails.storyboard in Resources */ = {isa = PBXBuildFile; fileRef = 8C34AA421EB30355000A5490 /* BillingDetails.storyboard */; };
		8C34AA451EB30509000A5490 /* BillingDetailsViewController.swift in Sources */ = {isa = PBXBuildFile; fileRef = 8C34AA441EB30509000A5490 /* BillingDetailsViewController.swift */; };
		8C34AA471EB3D755000A5490 /* Buttons.swift in Sources */ = {isa = PBXBuildFile; fileRef = 8C34AA461EB3D755000A5490 /* Buttons.swift */; };
		8C75E27C1EBFA9600037E8A3 /* MWAlerts.swift in Sources */ = {isa = PBXBuildFile; fileRef = 8C75E27B1EBFA9600037E8A3 /* MWAlerts.swift */; };
		B1B87C597285DC19C7C7D95B /* Pods_MobeWash.framework in Frameworks */ = {isa = PBXBuildFile; fileRef = 0D1905CA2E73BC252B45A062 /* Pods_MobeWash.framework */; };
		B25AAC4A1EAC106D001C3369 /* GoogleService-Info.plist in Resources */ = {isa = PBXBuildFile; fileRef = B25AAC491EAC106D001C3369 /* GoogleService-Info.plist */; };
		B25AAC4B1EAC1095001C3369 /* GoogleService-Info.plist in Resources */ = {isa = PBXBuildFile; fileRef = B25AAC491EAC106D001C3369 /* GoogleService-Info.plist */; };
		B25AAC4C1EAC1095001C3369 /* GoogleService-Info.plist in Resources */ = {isa = PBXBuildFile; fileRef = B25AAC491EAC106D001C3369 /* GoogleService-Info.plist */; };
		B260314F1EB1BC3B00FE81AE /* DetailsViewController.swift in Sources */ = {isa = PBXBuildFile; fileRef = B260314E1EB1BC3B00FE81AE /* DetailsViewController.swift */; };
		B26031501EB1BC3B00FE81AE /* DetailsViewController.swift in Sources */ = {isa = PBXBuildFile; fileRef = B260314E1EB1BC3B00FE81AE /* DetailsViewController.swift */; };
		B26031511EB1BC3B00FE81AE /* DetailsViewController.swift in Sources */ = {isa = PBXBuildFile; fileRef = B260314E1EB1BC3B00FE81AE /* DetailsViewController.swift */; };
		B26031541EB31A4000FE81AE /* Details.storyboard in Resources */ = {isa = PBXBuildFile; fileRef = B26031521EB31A4000FE81AE /* Details.storyboard */; };
		B26031571EB407D900FE81AE /* SignUp.storyboard in Resources */ = {isa = PBXBuildFile; fileRef = B26031551EB407D900FE81AE /* SignUp.storyboard */; };
		B2B99A971EA85F84003D2F09 /* SignUpViewController.swift in Sources */ = {isa = PBXBuildFile; fileRef = B2B99A961EA85F84003D2F09 /* SignUpViewController.swift */; };
		B59F36C11EB69A4800DA21EE /* CarInfo.swift in Sources */ = {isa = PBXBuildFile; fileRef = B59F36C01EB69A4800DA21EE /* CarInfo.swift */; };
		B59F36C31EB69A5700DA21EE /* Washer.swift in Sources */ = {isa = PBXBuildFile; fileRef = B59F36C21EB69A5700DA21EE /* Washer.swift */; };
		B59F36C51EB69A6100DA21EE /* Work.swift in Sources */ = {isa = PBXBuildFile; fileRef = B59F36C41EB69A6100DA21EE /* Work.swift */; };
		B59F36C71EB69A7C00DA21EE /* WorkDetailVC.swift in Sources */ = {isa = PBXBuildFile; fileRef = B59F36C61EB69A7C00DA21EE /* WorkDetailVC.swift */; };
		B59F36C91EB69A8100DA21EE /* WorkDetailViewController.swift in Sources */ = {isa = PBXBuildFile; fileRef = B59F36C81EB69A8100DA21EE /* WorkDetailViewController.swift */; };
		B59F36CB1EB69A8700DA21EE /* WorkListTableViewCell.swift in Sources */ = {isa = PBXBuildFile; fileRef = B59F36CA1EB69A8700DA21EE /* WorkListTableViewCell.swift */; };
		B59F36CD1EB69A8D00DA21EE /* WorkListViewController.swift in Sources */ = {isa = PBXBuildFile; fileRef = B59F36CC1EB69A8D00DA21EE /* WorkListViewController.swift */; };
		B59F36CF1EB69A9E00DA21EE /* Worklist.storyboard in Resources */ = {isa = PBXBuildFile; fileRef = B59F36CE1EB69A9E00DA21EE /* Worklist.storyboard */; };
		D33FEC5C8A337100A19C9B93 /* Pods_MobeWashUITests.framework in Frameworks */ = {isa = PBXBuildFile; fileRef = E0BC0914DB8B3E67496FB482 /* Pods_MobeWashUITests.framework */; };
		D7FE78721EBF633A004C7AA3 /* WasherHistoryDetailViewController.swift in Sources */ = {isa = PBXBuildFile; fileRef = D7FE78711EBF633A004C7AA3 /* WasherHistoryDetailViewController.swift */; };
		DB5B01C34B38E597002C930D /* Pods_MobeWashTests.framework in Frameworks */ = {isa = PBXBuildFile; fileRef = 6E96681111EA98DFF0AB6C8D /* Pods_MobeWashTests.framework */; };
/* End PBXBuildFile section */

/* Begin PBXBuildRule section */
		00C644111EBA542700AA8F96 /* PBXBuildRule */ = {
			isa = PBXBuildRule;
			compilerSpec = com.apple.compilers.proxy.script;
			fileType = sourcecode.metal;
			isEditable = 1;
			outputFiles = (
			);
			script = "# metal\n";
		};
/* End PBXBuildRule section */

/* Begin PBXContainerItemProxy section */
		780D45DD1EA3DDDB00FB4D35 /* PBXContainerItemProxy */ = {
			isa = PBXContainerItemProxy;
			containerPortal = 780D45C01EA3DDDA00FB4D35 /* Project object */;
			proxyType = 1;
			remoteGlobalIDString = 780D45C71EA3DDDA00FB4D35;
			remoteInfo = MobeWash;
		};
		780D45E81EA3DDDB00FB4D35 /* PBXContainerItemProxy */ = {
			isa = PBXContainerItemProxy;
			containerPortal = 780D45C01EA3DDDA00FB4D35 /* Project object */;
			proxyType = 1;
			remoteGlobalIDString = 780D45C71EA3DDDA00FB4D35;
			remoteInfo = MobeWash;
		};
/* End PBXContainerItemProxy section */

/* Begin PBXFileReference section */
		07191B8F1EB64A640024BF35 /* SelectServiceViewController.swift */ = {isa = PBXFileReference; fileEncoding = 4; lastKnownFileType = sourcecode.swift; path = SelectServiceViewController.swift; sourceTree = "<group>"; };
		073CC921CAFDBEFC61F6753A /* Pods-MobeWash.release.xcconfig */ = {isa = PBXFileReference; includeInIndex = 1; lastKnownFileType = text.xcconfig; name = "Pods-MobeWash.release.xcconfig"; path = "Pods/Target Support Files/Pods-MobeWash/Pods-MobeWash.release.xcconfig"; sourceTree = "<group>"; };
		077871BE1EA7E58B00652EE5 /* mwlogo.png */ = {isa = PBXFileReference; lastKnownFileType = image.png; path = mwlogo.png; sourceTree = "<group>"; };
		079726331EB2FC4400A3DF1C /* Ready2Book.storyboard */ = {isa = PBXFileReference; fileEncoding = 4; lastKnownFileType = file.storyboard; path = Ready2Book.storyboard; sourceTree = "<group>"; };
		079726371EB2FE7200A3DF1C /* Ready2BookViewController.swift */ = {isa = PBXFileReference; fileEncoding = 4; lastKnownFileType = sourcecode.swift; path = Ready2BookViewController.swift; sourceTree = "<group>"; };
		0797263B1EB3077400A3DF1C /* CompanyCell.swift */ = {isa = PBXFileReference; fileEncoding = 4; lastKnownFileType = sourcecode.swift; path = CompanyCell.swift; sourceTree = "<group>"; };
		0799D57C1EBCFC370027C1D8 /* ServiceTableViewCell.swift */ = {isa = PBXFileReference; fileEncoding = 4; lastKnownFileType = sourcecode.swift; path = ServiceTableViewCell.swift; sourceTree = "<group>"; };
		0D1905CA2E73BC252B45A062 /* Pods_MobeWash.framework */ = {isa = PBXFileReference; explicitFileType = wrapper.framework; includeInIndex = 0; path = Pods_MobeWash.framework; sourceTree = BUILT_PRODUCTS_DIR; };
		3A3F7FA11EB5C90300F15BB3 /* WasherHistory.storyboard */ = {isa = PBXFileReference; fileEncoding = 4; lastKnownFileType = file.storyboard; path = WasherHistory.storyboard; sourceTree = "<group>"; };
		3A3F7FA31EB5CA7200F15BB3 /* WasherHistoryTableViewController.swift */ = {isa = PBXFileReference; fileEncoding = 4; lastKnownFileType = sourcecode.swift; path = WasherHistoryTableViewController.swift; sourceTree = "<group>"; };
		3A3F7FA51EB5D2B800F15BB3 /* WasherHistoryTableViewCell.swift */ = {isa = PBXFileReference; fileEncoding = 4; lastKnownFileType = sourcecode.swift; path = WasherHistoryTableViewCell.swift; sourceTree = "<group>"; };
		6E96681111EA98DFF0AB6C8D /* Pods_MobeWashTests.framework */ = {isa = PBXFileReference; explicitFileType = wrapper.framework; includeInIndex = 0; path = Pods_MobeWashTests.framework; sourceTree = BUILT_PRODUCTS_DIR; };
		780D45C81EA3DDDA00FB4D35 /* MobeWash.app */ = {isa = PBXFileReference; explicitFileType = wrapper.application; includeInIndex = 0; path = MobeWash.app; sourceTree = BUILT_PRODUCTS_DIR; };
		780D45CB1EA3DDDA00FB4D35 /* AppDelegate.swift */ = {isa = PBXFileReference; lastKnownFileType = sourcecode.swift; path = AppDelegate.swift; sourceTree = "<group>"; };
		780D45CD1EA3DDDA00FB4D35 /* HomeViewController.swift */ = {isa = PBXFileReference; lastKnownFileType = sourcecode.swift; path = HomeViewController.swift; sourceTree = "<group>"; };
		780D45D01EA3DDDA00FB4D35 /* Base */ = {isa = PBXFileReference; lastKnownFileType = file.storyboard; name = Base; path = Base.lproj/Home.storyboard; sourceTree = "<group>"; };
		780D45D21EA3DDDA00FB4D35 /* Assets.xcassets */ = {isa = PBXFileReference; lastKnownFileType = folder.assetcatalog; path = Assets.xcassets; sourceTree = "<group>"; };
		780D45D51EA3DDDA00FB4D35 /* Base */ = {isa = PBXFileReference; lastKnownFileType = file.storyboard; name = Base; path = Base.lproj/LaunchScreen.storyboard; sourceTree = "<group>"; };
		780D45D71EA3DDDA00FB4D35 /* Info.plist */ = {isa = PBXFileReference; lastKnownFileType = text.plist.xml; path = Info.plist; sourceTree = "<group>"; };
		780D45DC1EA3DDDB00FB4D35 /* MobeWashTests.xctest */ = {isa = PBXFileReference; explicitFileType = wrapper.cfbundle; includeInIndex = 0; path = MobeWashTests.xctest; sourceTree = BUILT_PRODUCTS_DIR; };
		780D45E01EA3DDDB00FB4D35 /* MobeWashTests.swift */ = {isa = PBXFileReference; lastKnownFileType = sourcecode.swift; path = MobeWashTests.swift; sourceTree = "<group>"; };
		780D45E21EA3DDDB00FB4D35 /* Info.plist */ = {isa = PBXFileReference; lastKnownFileType = text.plist.xml; path = Info.plist; sourceTree = "<group>"; };
		780D45E71EA3DDDB00FB4D35 /* MobeWashUITests.xctest */ = {isa = PBXFileReference; explicitFileType = wrapper.cfbundle; includeInIndex = 0; path = MobeWashUITests.xctest; sourceTree = BUILT_PRODUCTS_DIR; };
		780D45EB1EA3DDDB00FB4D35 /* MobeWashUITests.swift */ = {isa = PBXFileReference; lastKnownFileType = sourcecode.swift; path = MobeWashUITests.swift; sourceTree = "<group>"; };
		780D45ED1EA3DDDB00FB4D35 /* Info.plist */ = {isa = PBXFileReference; lastKnownFileType = text.plist.xml; path = Info.plist; sourceTree = "<group>"; };
		78124A031EC33D7900962AEF /* Base */ = {isa = PBXFileReference; lastKnownFileType = file.storyboard; name = Base; path = Base.lproj/SelectService.storyboard; sourceTree = "<group>"; };
		78124A071EC3B75F00962AEF /* BillingTextField.swift */ = {isa = PBXFileReference; fileEncoding = 4; lastKnownFileType = sourcecode.swift; path = BillingTextField.swift; sourceTree = "<group>"; };
		783919D01EBA9EDE0086CF37 /* Calendar.storyboard */ = {isa = PBXFileReference; fileEncoding = 4; lastKnownFileType = file.storyboard; path = Calendar.storyboard; sourceTree = "<group>"; };
		783919D21EBAA1B70086CF37 /* CalendarJTAppleCell.swift */ = {isa = PBXFileReference; fileEncoding = 4; lastKnownFileType = sourcecode.swift; path = CalendarJTAppleCell.swift; sourceTree = "<group>"; };
		783919D41EBAA3310086CF37 /* CalendarViewController.swift */ = {isa = PBXFileReference; fileEncoding = 4; lastKnownFileType = sourcecode.swift; path = CalendarViewController.swift; sourceTree = "<group>"; };
		78CDC7C51EB8363400495ED0 /* MobeWashStyles.swift */ = {isa = PBXFileReference; fileEncoding = 4; lastKnownFileType = sourcecode.swift; path = MobeWashStyles.swift; sourceTree = "<group>"; };
		78CDC7C71EB836B200495ED0 /* ThemeManager.swift */ = {isa = PBXFileReference; fileEncoding = 4; lastKnownFileType = sourcecode.swift; path = ThemeManager.swift; sourceTree = "<group>"; };
		78CDC7CA1EB8721100495ED0 /* CustomButton.swift */ = {isa = PBXFileReference; fileEncoding = 4; lastKnownFileType = sourcecode.swift; path = CustomButton.swift; sourceTree = "<group>"; };
		78CDC7CE1EB8881000495ED0 /* CustomUINavBar.swift */ = {isa = PBXFileReference; fileEncoding = 4; lastKnownFileType = sourcecode.swift; path = CustomUINavBar.swift; sourceTree = "<group>"; };
		78CDC7D01EB888C700495ED0 /* CustomUINavItem.swift */ = {isa = PBXFileReference; fileEncoding = 4; lastKnownFileType = sourcecode.swift; path = CustomUINavItem.swift; sourceTree = "<group>"; };
		78FCB3E51EB6E9A20094C161 /* Time.storyboard */ = {isa = PBXFileReference; fileEncoding = 4; lastKnownFileType = file.storyboard; path = Time.storyboard; sourceTree = "<group>"; };
		78FCB3E71EB6E9B40094C161 /* TimeViewController.swift */ = {isa = PBXFileReference; fileEncoding = 4; lastKnownFileType = sourcecode.swift; path = TimeViewController.swift; sourceTree = "<group>"; };
		8C2EF0F51EB43CC900514560 /* TextfieldExtensions.swift */ = {isa = PBXFileReference; fileEncoding = 4; lastKnownFileType = sourcecode.swift; path = TextfieldExtensions.swift; sourceTree = "<group>"; };
		8C34AA381EB15930000A5490 /* Package.swift */ = {isa = PBXFileReference; fileEncoding = 4; lastKnownFileType = sourcecode.swift; path = Package.swift; sourceTree = "<group>"; };
		8C34AA3A1EB1BAE7000A5490 /* Company.swift */ = {isa = PBXFileReference; fileEncoding = 4; lastKnownFileType = sourcecode.swift; path = Company.swift; sourceTree = "<group>"; };
		8C34AA3C1EB1BFE5000A5490 /* CompanySetting.swift */ = {isa = PBXFileReference; fileEncoding = 4; lastKnownFileType = sourcecode.swift; path = CompanySetting.swift; sourceTree = "<group>"; };
		8C34AA3E1EB1D329000A5490 /* Booking.swift */ = {isa = PBXFileReference; fileEncoding = 4; lastKnownFileType = sourcecode.swift; path = Booking.swift; sourceTree = "<group>"; };
		8C34AA401EB1D3A8000A5490 /* Field.swift */ = {isa = PBXFileReference; fileEncoding = 4; lastKnownFileType = sourcecode.swift; path = Field.swift; sourceTree = "<group>"; };
		8C34AA421EB30355000A5490 /* BillingDetails.storyboard */ = {isa = PBXFileReference; fileEncoding = 4; lastKnownFileType = file.storyboard; path = BillingDetails.storyboard; sourceTree = "<group>"; };
		8C34AA441EB30509000A5490 /* BillingDetailsViewController.swift */ = {isa = PBXFileReference; fileEncoding = 4; lastKnownFileType = sourcecode.swift; path = BillingDetailsViewController.swift; sourceTree = "<group>"; };
		8C34AA461EB3D755000A5490 /* Buttons.swift */ = {isa = PBXFileReference; fileEncoding = 4; lastKnownFileType = sourcecode.swift; path = Buttons.swift; sourceTree = "<group>"; };
		8C75E27B1EBFA9600037E8A3 /* MWAlerts.swift */ = {isa = PBXFileReference; fileEncoding = 4; lastKnownFileType = sourcecode.swift; path = MWAlerts.swift; sourceTree = "<group>"; };
		938203FEC5CD43B1818AFF2B /* Pods-MobeWashTests.debug.xcconfig */ = {isa = PBXFileReference; includeInIndex = 1; lastKnownFileType = text.xcconfig; name = "Pods-MobeWashTests.debug.xcconfig"; path = "Pods/Target Support Files/Pods-MobeWashTests/Pods-MobeWashTests.debug.xcconfig"; sourceTree = "<group>"; };
		9468D1ECF422C6979804B99B /* Pods-MobeWashTests.release.xcconfig */ = {isa = PBXFileReference; includeInIndex = 1; lastKnownFileType = text.xcconfig; name = "Pods-MobeWashTests.release.xcconfig"; path = "Pods/Target Support Files/Pods-MobeWashTests/Pods-MobeWashTests.release.xcconfig"; sourceTree = "<group>"; };
		B25AAC491EAC106D001C3369 /* GoogleService-Info.plist */ = {isa = PBXFileReference; fileEncoding = 4; lastKnownFileType = text.plist.xml; path = "GoogleService-Info.plist"; sourceTree = "<group>"; };
		B25AAC4D1EAC13E1001C3369 /* MobeWash-Bridging-Header.h */ = {isa = PBXFileReference; lastKnownFileType = sourcecode.c.h; path = "MobeWash-Bridging-Header.h"; sourceTree = "<group>"; };
		B260314E1EB1BC3B00FE81AE /* DetailsViewController.swift */ = {isa = PBXFileReference; fileEncoding = 4; lastKnownFileType = sourcecode.swift; path = DetailsViewController.swift; sourceTree = "<group>"; };
		B26031531EB31A4000FE81AE /* Base */ = {isa = PBXFileReference; lastKnownFileType = file.storyboard; name = Base; path = Base.lproj/Details.storyboard; sourceTree = "<group>"; };
		B26031561EB407D900FE81AE /* Base */ = {isa = PBXFileReference; lastKnownFileType = file.storyboard; name = Base; path = Base.lproj/SignUp.storyboard; sourceTree = "<group>"; };
		B2B99A961EA85F84003D2F09 /* SignUpViewController.swift */ = {isa = PBXFileReference; fileEncoding = 4; lastKnownFileType = sourcecode.swift; path = SignUpViewController.swift; sourceTree = "<group>"; };
		B59F36C01EB69A4800DA21EE /* CarInfo.swift */ = {isa = PBXFileReference; fileEncoding = 4; lastKnownFileType = sourcecode.swift; path = CarInfo.swift; sourceTree = "<group>"; };
		B59F36C21EB69A5700DA21EE /* Washer.swift */ = {isa = PBXFileReference; fileEncoding = 4; lastKnownFileType = sourcecode.swift; path = Washer.swift; sourceTree = "<group>"; };
		B59F36C41EB69A6100DA21EE /* Work.swift */ = {isa = PBXFileReference; fileEncoding = 4; lastKnownFileType = sourcecode.swift; path = Work.swift; sourceTree = "<group>"; };
		B59F36C61EB69A7C00DA21EE /* WorkDetailVC.swift */ = {isa = PBXFileReference; fileEncoding = 4; lastKnownFileType = sourcecode.swift; path = WorkDetailVC.swift; sourceTree = "<group>"; };
		B59F36C81EB69A8100DA21EE /* WorkDetailViewController.swift */ = {isa = PBXFileReference; fileEncoding = 4; lastKnownFileType = sourcecode.swift; path = WorkDetailViewController.swift; sourceTree = "<group>"; };
		B59F36CA1EB69A8700DA21EE /* WorkListTableViewCell.swift */ = {isa = PBXFileReference; fileEncoding = 4; lastKnownFileType = sourcecode.swift; path = WorkListTableViewCell.swift; sourceTree = "<group>"; };
		B59F36CC1EB69A8D00DA21EE /* WorkListViewController.swift */ = {isa = PBXFileReference; fileEncoding = 4; lastKnownFileType = sourcecode.swift; path = WorkListViewController.swift; sourceTree = "<group>"; };
		B59F36CE1EB69A9E00DA21EE /* Worklist.storyboard */ = {isa = PBXFileReference; fileEncoding = 4; lastKnownFileType = file.storyboard; path = Worklist.storyboard; sourceTree = "<group>"; };
		C2D4BD3FC464428E3FEDE0D9 /* Pods-MobeWashUITests.release.xcconfig */ = {isa = PBXFileReference; includeInIndex = 1; lastKnownFileType = text.xcconfig; name = "Pods-MobeWashUITests.release.xcconfig"; path = "Pods/Target Support Files/Pods-MobeWashUITests/Pods-MobeWashUITests.release.xcconfig"; sourceTree = "<group>"; };
		CCAAE805BAC673105378E7B9 /* Pods-MobeWash.debug.xcconfig */ = {isa = PBXFileReference; includeInIndex = 1; lastKnownFileType = text.xcconfig; name = "Pods-MobeWash.debug.xcconfig"; path = "Pods/Target Support Files/Pods-MobeWash/Pods-MobeWash.debug.xcconfig"; sourceTree = "<group>"; };
		D7FE78711EBF633A004C7AA3 /* WasherHistoryDetailViewController.swift */ = {isa = PBXFileReference; fileEncoding = 4; lastKnownFileType = sourcecode.swift; path = WasherHistoryDetailViewController.swift; sourceTree = "<group>"; };
		E0BC0914DB8B3E67496FB482 /* Pods_MobeWashUITests.framework */ = {isa = PBXFileReference; explicitFileType = wrapper.framework; includeInIndex = 0; path = Pods_MobeWashUITests.framework; sourceTree = BUILT_PRODUCTS_DIR; };
		E425B7FC791DCCFB1CB52323 /* Pods-MobeWashUITests.debug.xcconfig */ = {isa = PBXFileReference; includeInIndex = 1; lastKnownFileType = text.xcconfig; name = "Pods-MobeWashUITests.debug.xcconfig"; path = "Pods/Target Support Files/Pods-MobeWashUITests/Pods-MobeWashUITests.debug.xcconfig"; sourceTree = "<group>"; };
/* End PBXFileReference section */

/* Begin PBXFrameworksBuildPhase section */
		780D45C51EA3DDDA00FB4D35 /* Frameworks */ = {
			isa = PBXFrameworksBuildPhase;
			buildActionMask = 2147483647;
			files = (
				B1B87C597285DC19C7C7D95B /* Pods_MobeWash.framework in Frameworks */,
			);
			runOnlyForDeploymentPostprocessing = 0;
		};
		780D45D91EA3DDDB00FB4D35 /* Frameworks */ = {
			isa = PBXFrameworksBuildPhase;
			buildActionMask = 2147483647;
			files = (
				DB5B01C34B38E597002C930D /* Pods_MobeWashTests.framework in Frameworks */,
			);
			runOnlyForDeploymentPostprocessing = 0;
		};
		780D45E41EA3DDDB00FB4D35 /* Frameworks */ = {
			isa = PBXFrameworksBuildPhase;
			buildActionMask = 2147483647;
			files = (
				D33FEC5C8A337100A19C9B93 /* Pods_MobeWashUITests.framework in Frameworks */,
			);
			runOnlyForDeploymentPostprocessing = 0;
		};
/* End PBXFrameworksBuildPhase section */

/* Begin PBXGroup section */
		3D7E300AB6FA9548B5BFE1D3 /* Frameworks */ = {
			isa = PBXGroup;
			children = (
				B25AAC491EAC106D001C3369 /* GoogleService-Info.plist */,
				0D1905CA2E73BC252B45A062 /* Pods_MobeWash.framework */,
				6E96681111EA98DFF0AB6C8D /* Pods_MobeWashTests.framework */,
				E0BC0914DB8B3E67496FB482 /* Pods_MobeWashUITests.framework */,
			);
			name = Frameworks;
			sourceTree = "<group>";
		};
		4BD16CF8CE5294ED123B204C /* Pods */ = {
			isa = PBXGroup;
			children = (
				CCAAE805BAC673105378E7B9 /* Pods-MobeWash.debug.xcconfig */,
				073CC921CAFDBEFC61F6753A /* Pods-MobeWash.release.xcconfig */,
				938203FEC5CD43B1818AFF2B /* Pods-MobeWashTests.debug.xcconfig */,
				9468D1ECF422C6979804B99B /* Pods-MobeWashTests.release.xcconfig */,
				E425B7FC791DCCFB1CB52323 /* Pods-MobeWashUITests.debug.xcconfig */,
				C2D4BD3FC464428E3FEDE0D9 /* Pods-MobeWashUITests.release.xcconfig */,
			);
			name = Pods;
			sourceTree = "<group>";
		};
		780D45BF1EA3DDDA00FB4D35 = {
			isa = PBXGroup;
			children = (
				780D45CA1EA3DDDA00FB4D35 /* MobeWash */,
				780D45DF1EA3DDDB00FB4D35 /* MobeWashTests */,
				780D45EA1EA3DDDB00FB4D35 /* MobeWashUITests */,
				780D45C91EA3DDDA00FB4D35 /* Products */,
				4BD16CF8CE5294ED123B204C /* Pods */,
				3D7E300AB6FA9548B5BFE1D3 /* Frameworks */,
			);
			sourceTree = "<group>";
		};
		780D45C91EA3DDDA00FB4D35 /* Products */ = {
			isa = PBXGroup;
			children = (
				780D45C81EA3DDDA00FB4D35 /* MobeWash.app */,
				780D45DC1EA3DDDB00FB4D35 /* MobeWashTests.xctest */,
				780D45E71EA3DDDB00FB4D35 /* MobeWashUITests.xctest */,
			);
			name = Products;
			sourceTree = "<group>";
		};
		780D45CA1EA3DDDA00FB4D35 /* MobeWash */ = {
			isa = PBXGroup;
			children = (
				780D45CB1EA3DDDA00FB4D35 /* AppDelegate.swift */,
				78CDC7C51EB8363400495ED0 /* MobeWashStyles.swift */,
				78CDC7C71EB836B200495ED0 /* ThemeManager.swift */,
				B25AAC4D1EAC13E1001C3369 /* MobeWash-Bridging-Header.h */,
				780D45D21EA3DDDA00FB4D35 /* Assets.xcassets */,
				780D45D71EA3DDDA00FB4D35 /* Info.plist */,
				8C34AA371EB15616000A5490 /* Models */,
				78CBE8BD1EA3E5E1006BD330 /* ViewControllers */,
				784486041EA3E897001D1F96 /* Views (Storyboards) */,
				78CDC7C91EB871A800495ED0 /* CustomUIClasses */,
				784486071EA3E8CD001D1F96 /* Resources */,
				784486061EA3E8A8001D1F96 /* Extensions */,
				8C75E27A1EBFA9450037E8A3 /* MWHelperClasses */,
				784486051EA3E8A2001D1F96 /* Services */,
			);
			path = MobeWash;
			sourceTree = "<group>";
		};
		780D45DF1EA3DDDB00FB4D35 /* MobeWashTests */ = {
			isa = PBXGroup;
			children = (
				780D45E01EA3DDDB00FB4D35 /* MobeWashTests.swift */,
				780D45E21EA3DDDB00FB4D35 /* Info.plist */,
			);
			path = MobeWashTests;
			sourceTree = "<group>";
		};
		780D45EA1EA3DDDB00FB4D35 /* MobeWashUITests */ = {
			isa = PBXGroup;
			children = (
				780D45EB1EA3DDDB00FB4D35 /* MobeWashUITests.swift */,
				780D45ED1EA3DDDB00FB4D35 /* Info.plist */,
			);
			path = MobeWashUITests;
			sourceTree = "<group>";
		};
		784486041EA3E897001D1F96 /* Views (Storyboards) */ = {
			isa = PBXGroup;
			children = (
				8C34AA421EB30355000A5490 /* BillingDetails.storyboard */,
				783919D01EBA9EDE0086CF37 /* Calendar.storyboard */,
				B26031521EB31A4000FE81AE /* Details.storyboard */,
				780D45CF1EA3DDDA00FB4D35 /* Home.storyboard */,
				780D45D41EA3DDDA00FB4D35 /* LaunchScreen.storyboard */,
				3A3F7FA11EB5C90300F15BB3 /* WasherHistory.storyboard */,
				079726331EB2FC4400A3DF1C /* Ready2Book.storyboard */,
				78124A041EC33D7900962AEF /* SelectService.storyboard */,
				B26031551EB407D900FE81AE /* SignUp.storyboard */,
				78FCB3E51EB6E9A20094C161 /* Time.storyboard */,
				B59F36CE1EB69A9E00DA21EE /* Worklist.storyboard */,
			);
			name = "Views (Storyboards)";
			sourceTree = "<group>";
		};
		784486051EA3E8A2001D1F96 /* Services */ = {
			isa = PBXGroup;
			children = (
			);
			name = Services;
			sourceTree = "<group>";
		};
		784486061EA3E8A8001D1F96 /* Extensions */ = {
			isa = PBXGroup;
			children = (
				8C2EF0F51EB43CC900514560 /* TextfieldExtensions.swift */,
			);
			name = Extensions;
			sourceTree = "<group>";
		};
		784486071EA3E8CD001D1F96 /* Resources */ = {
			isa = PBXGroup;
			children = (
				077871BE1EA7E58B00652EE5 /* mwlogo.png */,
				8C34AA461EB3D755000A5490 /* Buttons.swift */,
			);
			name = Resources;
			sourceTree = "<group>";
		};
		78CBE8BD1EA3E5E1006BD330 /* ViewControllers */ = {
			isa = PBXGroup;
			children = (
				8C34AA441EB30509000A5490 /* BillingDetailsViewController.swift */,
				783919D21EBAA1B70086CF37 /* CalendarJTAppleCell.swift */,
				783919D41EBAA3310086CF37 /* CalendarViewController.swift */,
				0797263B1EB3077400A3DF1C /* CompanyCell.swift */,
				B260314E1EB1BC3B00FE81AE /* DetailsViewController.swift */,
				780D45CD1EA3DDDA00FB4D35 /* HomeViewController.swift */,
				079726371EB2FE7200A3DF1C /* Ready2BookViewController.swift */,
				07191B8F1EB64A640024BF35 /* SelectServiceViewController.swift */,
				0799D57C1EBCFC370027C1D8 /* ServiceTableViewCell.swift */,
				B2B99A961EA85F84003D2F09 /* SignUpViewController.swift */,
				3A3F7FA31EB5CA7200F15BB3 /* WasherHistoryTableViewController.swift */,
				3A3F7FA51EB5D2B800F15BB3 /* WasherHistoryTableViewCell.swift */,
				78FCB3E71EB6E9B40094C161 /* TimeViewController.swift */,
				B59F36C81EB69A8100DA21EE /* WorkDetailViewController.swift */,
				B59F36C61EB69A7C00DA21EE /* WorkDetailVC.swift */,
				B59F36CC1EB69A8D00DA21EE /* WorkListViewController.swift */,
				B59F36CA1EB69A8700DA21EE /* WorkListTableViewCell.swift */,
				D7FE78711EBF633A004C7AA3 /* WasherHistoryDetailViewController.swift */,
			);
			name = ViewControllers;
			sourceTree = "<group>";
		};
		78CDC7C91EB871A800495ED0 /* CustomUIClasses */ = {
			isa = PBXGroup;
			children = (
				78CDC7CA1EB8721100495ED0 /* CustomButton.swift */,
				78CDC7CE1EB8881000495ED0 /* CustomUINavBar.swift */,
				78CDC7D01EB888C700495ED0 /* CustomUINavItem.swift */,
				78124A071EC3B75F00962AEF /* BillingTextField.swift */,
			);
			name = CustomUIClasses;
			sourceTree = "<group>";
		};
		8C34AA371EB15616000A5490 /* Models */ = {
			isa = PBXGroup;
			children = (
				8C34AA3E1EB1D329000A5490 /* Booking.swift */,
				B59F36C01EB69A4800DA21EE /* CarInfo.swift */,
				8C34AA3A1EB1BAE7000A5490 /* Company.swift */,
				8C34AA3C1EB1BFE5000A5490 /* CompanySetting.swift */,
				8C34AA401EB1D3A8000A5490 /* Field.swift */,
				8C34AA381EB15930000A5490 /* Package.swift */,
				B59F36C21EB69A5700DA21EE /* Washer.swift */,
				B59F36C41EB69A6100DA21EE /* Work.swift */,
			);
			name = Models;
			sourceTree = "<group>";
		};
		8C75E27A1EBFA9450037E8A3 /* MWHelperClasses */ = {
			isa = PBXGroup;
			children = (
				8C75E27B1EBFA9600037E8A3 /* MWAlerts.swift */,
			);
			name = MWHelperClasses;
			sourceTree = "<group>";
		};
/* End PBXGroup section */

/* Begin PBXNativeTarget section */
		780D45C71EA3DDDA00FB4D35 /* MobeWash */ = {
			isa = PBXNativeTarget;
			buildConfigurationList = 780D45F01EA3DDDB00FB4D35 /* Build configuration list for PBXNativeTarget "MobeWash" */;
			buildPhases = (
				9C54BE9400D87CB22B18271C /* [CP] Check Pods Manifest.lock */,
				780D45C41EA3DDDA00FB4D35 /* Sources */,
				780D45C51EA3DDDA00FB4D35 /* Frameworks */,
				780D45C61EA3DDDA00FB4D35 /* Resources */,
				53F0A68AE29994E9C546827F /* [CP] Embed Pods Frameworks */,
				EBCE57009594AEA846FFC30C /* [CP] Copy Pods Resources */,
			);
			buildRules = (
				00C644111EBA542700AA8F96 /* PBXBuildRule */,
			);
			dependencies = (
			);
			name = MobeWash;
			productName = MobeWash;
			productReference = 780D45C81EA3DDDA00FB4D35 /* MobeWash.app */;
			productType = "com.apple.product-type.application";
		};
		780D45DB1EA3DDDB00FB4D35 /* MobeWashTests */ = {
			isa = PBXNativeTarget;
			buildConfigurationList = 780D45F31EA3DDDB00FB4D35 /* Build configuration list for PBXNativeTarget "MobeWashTests" */;
			buildPhases = (
				204CBAFE96A7A703B9307FF2 /* [CP] Check Pods Manifest.lock */,
				780D45D81EA3DDDB00FB4D35 /* Sources */,
				780D45D91EA3DDDB00FB4D35 /* Frameworks */,
				780D45DA1EA3DDDB00FB4D35 /* Resources */,
				ECBBDEFC0C315A7139E971F2 /* [CP] Embed Pods Frameworks */,
				5203C6F7CB5C48725148FB23 /* [CP] Copy Pods Resources */,
			);
			buildRules = (
			);
			dependencies = (
				780D45DE1EA3DDDB00FB4D35 /* PBXTargetDependency */,
			);
			name = MobeWashTests;
			productName = MobeWashTests;
			productReference = 780D45DC1EA3DDDB00FB4D35 /* MobeWashTests.xctest */;
			productType = "com.apple.product-type.bundle.unit-test";
		};
		780D45E61EA3DDDB00FB4D35 /* MobeWashUITests */ = {
			isa = PBXNativeTarget;
			buildConfigurationList = 780D45F61EA3DDDB00FB4D35 /* Build configuration list for PBXNativeTarget "MobeWashUITests" */;
			buildPhases = (
				10517CAD3C4BDDF20318126D /* [CP] Check Pods Manifest.lock */,
				780D45E31EA3DDDB00FB4D35 /* Sources */,
				780D45E41EA3DDDB00FB4D35 /* Frameworks */,
				780D45E51EA3DDDB00FB4D35 /* Resources */,
				1D7810C15A5F9FB251471F92 /* [CP] Embed Pods Frameworks */,
				7739B9E4DF5139B21268B6FE /* [CP] Copy Pods Resources */,
			);
			buildRules = (
			);
			dependencies = (
				780D45E91EA3DDDB00FB4D35 /* PBXTargetDependency */,
			);
			name = MobeWashUITests;
			productName = MobeWashUITests;
			productReference = 780D45E71EA3DDDB00FB4D35 /* MobeWashUITests.xctest */;
			productType = "com.apple.product-type.bundle.ui-testing";
		};
/* End PBXNativeTarget section */

/* Begin PBXProject section */
		780D45C01EA3DDDA00FB4D35 /* Project object */ = {
			isa = PBXProject;
			attributes = {
				LastSwiftUpdateCheck = 0830;
				LastUpgradeCheck = 0830;
				ORGANIZATIONNAME = MobeWash;
				TargetAttributes = {
					780D45C71EA3DDDA00FB4D35 = {
						CreatedOnToolsVersion = 8.3.1;
						DevelopmentTeam = F2F757HLJ7;
						ProvisioningStyle = Automatic;
						SystemCapabilities = {
							com.apple.InAppPurchase = {
								enabled = 0;
							};
							com.apple.Maps.iOS = {
								enabled = 0;
							};
						};
					};
					780D45DB1EA3DDDB00FB4D35 = {
						CreatedOnToolsVersion = 8.3.1;
						ProvisioningStyle = Automatic;
						TestTargetID = 780D45C71EA3DDDA00FB4D35;
					};
					780D45E61EA3DDDB00FB4D35 = {
						CreatedOnToolsVersion = 8.3.1;
						ProvisioningStyle = Automatic;
						TestTargetID = 780D45C71EA3DDDA00FB4D35;
					};
				};
			};
			buildConfigurationList = 780D45C31EA3DDDA00FB4D35 /* Build configuration list for PBXProject "MobeWash" */;
			compatibilityVersion = "Xcode 3.2";
			developmentRegion = English;
			hasScannedForEncodings = 0;
			knownRegions = (
				en,
				Base,
			);
			mainGroup = 780D45BF1EA3DDDA00FB4D35;
			productRefGroup = 780D45C91EA3DDDA00FB4D35 /* Products */;
			projectDirPath = "";
			projectRoot = "";
			targets = (
				780D45C71EA3DDDA00FB4D35 /* MobeWash */,
				780D45DB1EA3DDDB00FB4D35 /* MobeWashTests */,
				780D45E61EA3DDDB00FB4D35 /* MobeWashUITests */,
			);
		};
/* End PBXProject section */

/* Begin PBXResourcesBuildPhase section */
		780D45C61EA3DDDA00FB4D35 /* Resources */ = {
			isa = PBXResourcesBuildPhase;
			buildActionMask = 2147483647;
			files = (
				07191B921EB64A990024BF35 /* ServicePick.storyboard in Resources */,
				077871BF1EA7E58B00652EE5 /* icon.png in Resources */,
				3A3F7FA21EB5C90300F15BB3 /* WasherHistory.storyboard in Resources */,
				78124A021EC33D7900962AEF /* SelectService.storyboard in Resources */,
				077871BF1EA7E58B00652EE5 /* mwlogo.png in Resources */,
				8C34AA431EB30355000A5490 /* BillingDetails.storyboard in Resources */,
				780D45D61EA3DDDA00FB4D35 /* LaunchScreen.storyboard in Resources */,
				079726341EB2FC4400A3DF1C /* Ready2Book.storyboard in Resources */,
				78FCB3E61EB6E9A20094C161 /* Time.storyboard in Resources */,
				780D45D31EA3DDDA00FB4D35 /* Assets.xcassets in Resources */,
				B59F36CF1EB69A9E00DA21EE /* Worklist.storyboard in Resources */,
				B26031541EB31A4000FE81AE /* Details.storyboard in Resources */,
				B25AAC4A1EAC106D001C3369 /* GoogleService-Info.plist in Resources */,
				780D45D11EA3DDDA00FB4D35 /* Home.storyboard in Resources */,
				B26031571EB407D900FE81AE /* SignUp.storyboard in Resources */,
				783919D11EBA9EDE0086CF37 /* Calendar.storyboard in Resources */,
				780D45D11EA3DDDA00FB4D35 /* Home.storyboard in Resources */,
			);
			runOnlyForDeploymentPostprocessing = 0;
		};
		780D45DA1EA3DDDB00FB4D35 /* Resources */ = {
			isa = PBXResourcesBuildPhase;
			buildActionMask = 2147483647;
			files = (
				B25AAC4B1EAC1095001C3369 /* GoogleService-Info.plist in Resources */,
			);
			runOnlyForDeploymentPostprocessing = 0;
		};
		780D45E51EA3DDDB00FB4D35 /* Resources */ = {
			isa = PBXResourcesBuildPhase;
			buildActionMask = 2147483647;
			files = (
				B25AAC4C1EAC1095001C3369 /* GoogleService-Info.plist in Resources */,
			);
			runOnlyForDeploymentPostprocessing = 0;
		};
/* End PBXResourcesBuildPhase section */

/* Begin PBXShellScriptBuildPhase section */
		10517CAD3C4BDDF20318126D /* [CP] Check Pods Manifest.lock */ = {
			isa = PBXShellScriptBuildPhase;
			buildActionMask = 2147483647;
			files = (
			);
			inputPaths = (
			);
			name = "[CP] Check Pods Manifest.lock";
			outputPaths = (
			);
			runOnlyForDeploymentPostprocessing = 0;
			shellPath = /bin/sh;
			shellScript = "diff \"${PODS_PODFILE_DIR_PATH}/Podfile.lock\" \"${PODS_ROOT}/Manifest.lock\" > /dev/null\nif [ $? != 0 ] ; then\n    # print error to STDERR\n    echo \"error: The sandbox is not in sync with the Podfile.lock. Run 'pod install' or update your CocoaPods installation.\" >&2\n    exit 1\nfi\n";
			showEnvVarsInLog = 0;
		};
		1D7810C15A5F9FB251471F92 /* [CP] Embed Pods Frameworks */ = {
			isa = PBXShellScriptBuildPhase;
			buildActionMask = 2147483647;
			files = (
			);
			inputPaths = (
			);
			name = "[CP] Embed Pods Frameworks";
			outputPaths = (
			);
			runOnlyForDeploymentPostprocessing = 0;
			shellPath = /bin/sh;
			shellScript = "\"${SRCROOT}/Pods/Target Support Files/Pods-MobeWashUITests/Pods-MobeWashUITests-frameworks.sh\"\n";
			showEnvVarsInLog = 0;
		};
		204CBAFE96A7A703B9307FF2 /* [CP] Check Pods Manifest.lock */ = {
			isa = PBXShellScriptBuildPhase;
			buildActionMask = 2147483647;
			files = (
			);
			inputPaths = (
			);
			name = "[CP] Check Pods Manifest.lock";
			outputPaths = (
			);
			runOnlyForDeploymentPostprocessing = 0;
			shellPath = /bin/sh;
			shellScript = "diff \"${PODS_PODFILE_DIR_PATH}/Podfile.lock\" \"${PODS_ROOT}/Manifest.lock\" > /dev/null\nif [ $? != 0 ] ; then\n    # print error to STDERR\n    echo \"error: The sandbox is not in sync with the Podfile.lock. Run 'pod install' or update your CocoaPods installation.\" >&2\n    exit 1\nfi\n";
			showEnvVarsInLog = 0;
		};
		5203C6F7CB5C48725148FB23 /* [CP] Copy Pods Resources */ = {
			isa = PBXShellScriptBuildPhase;
			buildActionMask = 2147483647;
			files = (
			);
			inputPaths = (
			);
			name = "[CP] Copy Pods Resources";
			outputPaths = (
			);
			runOnlyForDeploymentPostprocessing = 0;
			shellPath = /bin/sh;
			shellScript = "\"${SRCROOT}/Pods/Target Support Files/Pods-MobeWashTests/Pods-MobeWashTests-resources.sh\"\n";
			showEnvVarsInLog = 0;
		};
		53F0A68AE29994E9C546827F /* [CP] Embed Pods Frameworks */ = {
			isa = PBXShellScriptBuildPhase;
			buildActionMask = 2147483647;
			files = (
			);
			inputPaths = (
			);
			name = "[CP] Embed Pods Frameworks";
			outputPaths = (
			);
			runOnlyForDeploymentPostprocessing = 0;
			shellPath = /bin/sh;
			shellScript = "\"${SRCROOT}/Pods/Target Support Files/Pods-MobeWash/Pods-MobeWash-frameworks.sh\"\n";
			showEnvVarsInLog = 0;
		};
		7739B9E4DF5139B21268B6FE /* [CP] Copy Pods Resources */ = {
			isa = PBXShellScriptBuildPhase;
			buildActionMask = 2147483647;
			files = (
			);
			inputPaths = (
			);
			name = "[CP] Copy Pods Resources";
			outputPaths = (
			);
			runOnlyForDeploymentPostprocessing = 0;
			shellPath = /bin/sh;
			shellScript = "\"${SRCROOT}/Pods/Target Support Files/Pods-MobeWashUITests/Pods-MobeWashUITests-resources.sh\"\n";
			showEnvVarsInLog = 0;
		};
		9C54BE9400D87CB22B18271C /* [CP] Check Pods Manifest.lock */ = {
			isa = PBXShellScriptBuildPhase;
			buildActionMask = 2147483647;
			files = (
			);
			inputPaths = (
			);
			name = "[CP] Check Pods Manifest.lock";
			outputPaths = (
			);
			runOnlyForDeploymentPostprocessing = 0;
			shellPath = /bin/sh;
			shellScript = "diff \"${PODS_PODFILE_DIR_PATH}/Podfile.lock\" \"${PODS_ROOT}/Manifest.lock\" > /dev/null\nif [ $? != 0 ] ; then\n    # print error to STDERR\n    echo \"error: The sandbox is not in sync with the Podfile.lock. Run 'pod install' or update your CocoaPods installation.\" >&2\n    exit 1\nfi\n";
			showEnvVarsInLog = 0;
		};
		EBCE57009594AEA846FFC30C /* [CP] Copy Pods Resources */ = {
			isa = PBXShellScriptBuildPhase;
			buildActionMask = 2147483647;
			files = (
			);
			inputPaths = (
			);
			name = "[CP] Copy Pods Resources";
			outputPaths = (
			);
			runOnlyForDeploymentPostprocessing = 0;
			shellPath = /bin/sh;
			shellScript = "\"${SRCROOT}/Pods/Target Support Files/Pods-MobeWash/Pods-MobeWash-resources.sh\"\n";
			showEnvVarsInLog = 0;
		};
		ECBBDEFC0C315A7139E971F2 /* [CP] Embed Pods Frameworks */ = {
			isa = PBXShellScriptBuildPhase;
			buildActionMask = 2147483647;
			files = (
			);
			inputPaths = (
			);
			name = "[CP] Embed Pods Frameworks";
			outputPaths = (
			);
			runOnlyForDeploymentPostprocessing = 0;
			shellPath = /bin/sh;
			shellScript = "\"${SRCROOT}/Pods/Target Support Files/Pods-MobeWashTests/Pods-MobeWashTests-frameworks.sh\"\n";
			showEnvVarsInLog = 0;
		};
/* End PBXShellScriptBuildPhase section */

/* Begin PBXSourcesBuildPhase section */
		780D45C41EA3DDDA00FB4D35 /* Sources */ = {
			isa = PBXSourcesBuildPhase;
			buildActionMask = 2147483647;
			files = (
				3A3F7FA41EB5CA7200F15BB3 /* WasherHistoryTableViewController.swift in Sources */,
				B59F36C31EB69A5700DA21EE /* Washer.swift in Sources */,
				78FCB3E81EB6E9B40094C161 /* TimeViewController.swift in Sources */,
				B59F36C71EB69A7C00DA21EE /* WorkDetailVC.swift in Sources */,
				B59F36C91EB69A8100DA21EE /* WorkDetailViewController.swift in Sources */,
				8C34AA471EB3D755000A5490 /* Buttons.swift in Sources */,
				78CDC7CB1EB8721100495ED0 /* CustomButton.swift in Sources */,
				783919D31EBAA1B70086CF37 /* CalendarJTAppleCell.swift in Sources */,
				B59F36C51EB69A6100DA21EE /* Work.swift in Sources */,
				8C34AA451EB30509000A5490 /* BillingDetailsViewController.swift in Sources */,
				78CDC7C81EB836B200495ED0 /* ThemeManager.swift in Sources */,
				0797263C1EB3077400A3DF1C /* CompanyCell.swift in Sources */,
				B2B99A971EA85F84003D2F09 /* SignUpViewController.swift in Sources */,
				78CDC7C61EB8363400495ED0 /* MobeWashStyles.swift in Sources */,
				07191B901EB64A640024BF35 /* ServicePickViewController.swift in Sources */,
				D7FE78721EBF633A004C7AA3 /* WasherHistoryDetailViewController.swift in Sources */,
				8C34AA3F1EB1D329000A5490 /* MWBooking.swift in Sources */,
				8C34AA391EB15930000A5490 /* MWPackage.swift in Sources */,
				780D45CE1EA3DDDA00FB4D35 /* HomeViewController.swift in Sources */,
				3A3F7FA61EB5D2B800F15BB3 /* WasherHistoryTableViewCell.swift in Sources */,
				8C34AA411EB1D3A8000A5490 /* MWField.swift in Sources */,
				07191B901EB64A640024BF35 /* SelectServiceViewController.swift in Sources */,
				78124A081EC3B75F00962AEF /* BillingTextField.swift in Sources */,
				8C34AA3F1EB1D329000A5490 /* Booking.swift in Sources */,
				8C34AA391EB15930000A5490 /* Package.swift in Sources */,
				780D45CE1EA3DDDA00FB4D35 /* HomeViewController.swift in Sources */,
				8C34AA411EB1D3A8000A5490 /* Field.swift in Sources */,
				8C75E27C1EBFA9600037E8A3 /* MWAlerts.swift in Sources */,
				78CDC7D11EB888C700495ED0 /* CustomUINavItem.swift in Sources */,
				780D45CC1EA3DDDA00FB4D35 /* AppDelegate.swift in Sources */,
				B59F36C11EB69A4800DA21EE /* CarInfo.swift in Sources */,
				8C2EF0F61EB43CC900514560 /* TextfieldExtensions.swift in Sources */,
				78CDC7CF1EB8881000495ED0 /* CustomUINavBar.swift in Sources */,
				8C34AA3D1EB1BFE5000A5490 /* CompanySetting.swift in Sources */,
				B59F36CD1EB69A8D00DA21EE /* WorkListViewController.swift in Sources */,
				783919D51EBAA3310086CF37 /* CalendarViewController.swift in Sources */,
				8C34AA3B1EB1BAE7000A5490 /* Company.swift in Sources */,
				0799D57D1EBCFC370027C1D8 /* ServiceTableViewCell.swift in Sources */,
				079726381EB2FE7200A3DF1C /* Ready2BookViewController.swift in Sources */,
				B59F36CB1EB69A8700DA21EE /* WorkListTableViewCell.swift in Sources */,
				B260314F1EB1BC3B00FE81AE /* DetailsViewController.swift in Sources */,
			);
			runOnlyForDeploymentPostprocessing = 0;
		};
		780D45D81EA3DDDB00FB4D35 /* Sources */ = {
			isa = PBXSourcesBuildPhase;
			buildActionMask = 2147483647;
			files = (
				780D45E11EA3DDDB00FB4D35 /* MobeWashTests.swift in Sources */,
				B26031501EB1BC3B00FE81AE /* DetailsViewController.swift in Sources */,
			);
			runOnlyForDeploymentPostprocessing = 0;
		};
		780D45E31EA3DDDB00FB4D35 /* Sources */ = {
			isa = PBXSourcesBuildPhase;
			buildActionMask = 2147483647;
			files = (
				780D45EC1EA3DDDB00FB4D35 /* MobeWashUITests.swift in Sources */,
				B26031511EB1BC3B00FE81AE /* DetailsViewController.swift in Sources */,
			);
			runOnlyForDeploymentPostprocessing = 0;
		};
/* End PBXSourcesBuildPhase section */

/* Begin PBXTargetDependency section */
		780D45DE1EA3DDDB00FB4D35 /* PBXTargetDependency */ = {
			isa = PBXTargetDependency;
			target = 780D45C71EA3DDDA00FB4D35 /* MobeWash */;
			targetProxy = 780D45DD1EA3DDDB00FB4D35 /* PBXContainerItemProxy */;
		};
		780D45E91EA3DDDB00FB4D35 /* PBXTargetDependency */ = {
			isa = PBXTargetDependency;
			target = 780D45C71EA3DDDA00FB4D35 /* MobeWash */;
			targetProxy = 780D45E81EA3DDDB00FB4D35 /* PBXContainerItemProxy */;
		};
/* End PBXTargetDependency section */

/* Begin PBXVariantGroup section */
		780D45CF1EA3DDDA00FB4D35 /* Home.storyboard */ = {
			isa = PBXVariantGroup;
			children = (
				780D45D01EA3DDDA00FB4D35 /* Base */,
			);
			name = Home.storyboard;
			sourceTree = "<group>";
		};
		780D45D41EA3DDDA00FB4D35 /* LaunchScreen.storyboard */ = {
			isa = PBXVariantGroup;
			children = (
				780D45D51EA3DDDA00FB4D35 /* Base */,
			);
			name = LaunchScreen.storyboard;
			sourceTree = "<group>";
		};
		78124A041EC33D7900962AEF /* SelectService.storyboard */ = {
			isa = PBXVariantGroup;
			children = (
				78124A031EC33D7900962AEF /* Base */,
			);
			name = SelectService.storyboard;
			sourceTree = "<group>";
		};
		B26031521EB31A4000FE81AE /* Details.storyboard */ = {
			isa = PBXVariantGroup;
			children = (
				B26031531EB31A4000FE81AE /* Base */,
			);
			name = Details.storyboard;
			sourceTree = "<group>";
		};
		B26031551EB407D900FE81AE /* SignUp.storyboard */ = {
			isa = PBXVariantGroup;
			children = (
				B26031561EB407D900FE81AE /* Base */,
			);
			name = SignUp.storyboard;
			sourceTree = "<group>";
		};
/* End PBXVariantGroup section */

/* Begin XCBuildConfiguration section */
		780D45EE1EA3DDDB00FB4D35 /* Debug */ = {
			isa = XCBuildConfiguration;
			buildSettings = {
				ALWAYS_SEARCH_USER_PATHS = NO;
				CLANG_ANALYZER_NONNULL = YES;
				CLANG_ANALYZER_NUMBER_OBJECT_CONVERSION = YES_AGGRESSIVE;
				CLANG_CXX_LANGUAGE_STANDARD = "gnu++0x";
				CLANG_CXX_LIBRARY = "libc++";
				CLANG_ENABLE_MODULES = YES;
				CLANG_ENABLE_OBJC_ARC = YES;
				CLANG_WARN_BOOL_CONVERSION = YES;
				CLANG_WARN_CONSTANT_CONVERSION = YES;
				CLANG_WARN_DIRECT_OBJC_ISA_USAGE = YES_ERROR;
				CLANG_WARN_DOCUMENTATION_COMMENTS = YES;
				CLANG_WARN_EMPTY_BODY = YES;
				CLANG_WARN_ENUM_CONVERSION = YES;
				CLANG_WARN_INFINITE_RECURSION = YES;
				CLANG_WARN_INT_CONVERSION = YES;
				CLANG_WARN_OBJC_ROOT_CLASS = YES_ERROR;
				CLANG_WARN_SUSPICIOUS_MOVE = YES;
				CLANG_WARN_UNREACHABLE_CODE = YES;
				CLANG_WARN__DUPLICATE_METHOD_MATCH = YES;
				"CODE_SIGN_IDENTITY[sdk=iphoneos*]" = "iPhone Developer";
				COPY_PHASE_STRIP = NO;
				DEBUG_INFORMATION_FORMAT = dwarf;
				ENABLE_STRICT_OBJC_MSGSEND = YES;
				ENABLE_TESTABILITY = YES;
				GCC_C_LANGUAGE_STANDARD = gnu99;
				GCC_DYNAMIC_NO_PIC = NO;
				GCC_NO_COMMON_BLOCKS = YES;
				GCC_OPTIMIZATION_LEVEL = 0;
				GCC_PREPROCESSOR_DEFINITIONS = (
					"DEBUG=1",
					"$(inherited)",
				);
				GCC_WARN_64_TO_32_BIT_CONVERSION = YES;
				GCC_WARN_ABOUT_RETURN_TYPE = YES_ERROR;
				GCC_WARN_UNDECLARED_SELECTOR = YES;
				GCC_WARN_UNINITIALIZED_AUTOS = YES_AGGRESSIVE;
				GCC_WARN_UNUSED_FUNCTION = YES;
				GCC_WARN_UNUSED_VARIABLE = YES;
				IPHONEOS_DEPLOYMENT_TARGET = 10.3;
				MTL_ENABLE_DEBUG_INFO = YES;
				ONLY_ACTIVE_ARCH = YES;
				SDKROOT = iphoneos;
				SWIFT_ACTIVE_COMPILATION_CONDITIONS = DEBUG;
				SWIFT_OPTIMIZATION_LEVEL = "-Onone";
			};
			name = Debug;
		};
		780D45EF1EA3DDDB00FB4D35 /* Release */ = {
			isa = XCBuildConfiguration;
			buildSettings = {
				ALWAYS_SEARCH_USER_PATHS = NO;
				CLANG_ANALYZER_NONNULL = YES;
				CLANG_ANALYZER_NUMBER_OBJECT_CONVERSION = YES_AGGRESSIVE;
				CLANG_CXX_LANGUAGE_STANDARD = "gnu++0x";
				CLANG_CXX_LIBRARY = "libc++";
				CLANG_ENABLE_MODULES = YES;
				CLANG_ENABLE_OBJC_ARC = YES;
				CLANG_WARN_BOOL_CONVERSION = YES;
				CLANG_WARN_CONSTANT_CONVERSION = YES;
				CLANG_WARN_DIRECT_OBJC_ISA_USAGE = YES_ERROR;
				CLANG_WARN_DOCUMENTATION_COMMENTS = YES;
				CLANG_WARN_EMPTY_BODY = YES;
				CLANG_WARN_ENUM_CONVERSION = YES;
				CLANG_WARN_INFINITE_RECURSION = YES;
				CLANG_WARN_INT_CONVERSION = YES;
				CLANG_WARN_OBJC_ROOT_CLASS = YES_ERROR;
				CLANG_WARN_SUSPICIOUS_MOVE = YES;
				CLANG_WARN_UNREACHABLE_CODE = YES;
				CLANG_WARN__DUPLICATE_METHOD_MATCH = YES;
				"CODE_SIGN_IDENTITY[sdk=iphoneos*]" = "iPhone Developer";
				COPY_PHASE_STRIP = NO;
				DEBUG_INFORMATION_FORMAT = "dwarf-with-dsym";
				ENABLE_NS_ASSERTIONS = NO;
				ENABLE_STRICT_OBJC_MSGSEND = YES;
				GCC_C_LANGUAGE_STANDARD = gnu99;
				GCC_NO_COMMON_BLOCKS = YES;
				GCC_WARN_64_TO_32_BIT_CONVERSION = YES;
				GCC_WARN_ABOUT_RETURN_TYPE = YES_ERROR;
				GCC_WARN_UNDECLARED_SELECTOR = YES;
				GCC_WARN_UNINITIALIZED_AUTOS = YES_AGGRESSIVE;
				GCC_WARN_UNUSED_FUNCTION = YES;
				GCC_WARN_UNUSED_VARIABLE = YES;
				IPHONEOS_DEPLOYMENT_TARGET = 10.3;
				MTL_ENABLE_DEBUG_INFO = NO;
				SDKROOT = iphoneos;
				SWIFT_OPTIMIZATION_LEVEL = "-Owholemodule";
				VALIDATE_PRODUCT = YES;
			};
			name = Release;
		};
		780D45F11EA3DDDB00FB4D35 /* Debug */ = {
			isa = XCBuildConfiguration;
			baseConfigurationReference = CCAAE805BAC673105378E7B9 /* Pods-MobeWash.debug.xcconfig */;
			buildSettings = {
				ASSETCATALOG_COMPILER_APPICON_NAME = AppIcon;
				DEVELOPMENT_TEAM = F2F757HLJ7;
				INFOPLIST_FILE = MobeWash/Info.plist;
				IPHONEOS_DEPLOYMENT_TARGET = 9.0;
				LD_RUNPATH_SEARCH_PATHS = "$(inherited) @executable_path/Frameworks";
				PRODUCT_BUNDLE_IDENTIFIER = com.seanippolito.MobeWash;
				PRODUCT_NAME = "$(TARGET_NAME)";
				SWIFT_VERSION = 3.0;
				TARGETED_DEVICE_FAMILY = 1;
			};
			name = Debug;
		};
		780D45F21EA3DDDB00FB4D35 /* Release */ = {
			isa = XCBuildConfiguration;
			baseConfigurationReference = 073CC921CAFDBEFC61F6753A /* Pods-MobeWash.release.xcconfig */;
			buildSettings = {
				ASSETCATALOG_COMPILER_APPICON_NAME = AppIcon;
				DEVELOPMENT_TEAM = F2F757HLJ7;
				INFOPLIST_FILE = MobeWash/Info.plist;
				IPHONEOS_DEPLOYMENT_TARGET = 9.0;
				LD_RUNPATH_SEARCH_PATHS = "$(inherited) @executable_path/Frameworks";
				PRODUCT_BUNDLE_IDENTIFIER = com.seanippolito.MobeWash;
				PRODUCT_NAME = "$(TARGET_NAME)";
				SWIFT_VERSION = 3.0;
				TARGETED_DEVICE_FAMILY = 1;
			};
			name = Release;
		};
		780D45F41EA3DDDB00FB4D35 /* Debug */ = {
			isa = XCBuildConfiguration;
			baseConfigurationReference = 938203FEC5CD43B1818AFF2B /* Pods-MobeWashTests.debug.xcconfig */;
			buildSettings = {
				ALWAYS_EMBED_SWIFT_STANDARD_LIBRARIES = YES;
				BUNDLE_LOADER = "$(TEST_HOST)";
				INFOPLIST_FILE = MobeWashTests/Info.plist;
				LD_RUNPATH_SEARCH_PATHS = "$(inherited) @executable_path/Frameworks @loader_path/Frameworks";
				PRODUCT_BUNDLE_IDENTIFIER = com.seanippolito.MobeWashTests;
				PRODUCT_NAME = "$(TARGET_NAME)";
				SWIFT_VERSION = 3.0;
				TEST_HOST = "$(BUILT_PRODUCTS_DIR)/MobeWash.app/MobeWash";
			};
			name = Debug;
		};
		780D45F51EA3DDDB00FB4D35 /* Release */ = {
			isa = XCBuildConfiguration;
			baseConfigurationReference = 9468D1ECF422C6979804B99B /* Pods-MobeWashTests.release.xcconfig */;
			buildSettings = {
				ALWAYS_EMBED_SWIFT_STANDARD_LIBRARIES = YES;
				BUNDLE_LOADER = "$(TEST_HOST)";
				INFOPLIST_FILE = MobeWashTests/Info.plist;
				LD_RUNPATH_SEARCH_PATHS = "$(inherited) @executable_path/Frameworks @loader_path/Frameworks";
				PRODUCT_BUNDLE_IDENTIFIER = com.seanippolito.MobeWashTests;
				PRODUCT_NAME = "$(TARGET_NAME)";
				SWIFT_VERSION = 3.0;
				TEST_HOST = "$(BUILT_PRODUCTS_DIR)/MobeWash.app/MobeWash";
			};
			name = Release;
		};
		780D45F71EA3DDDB00FB4D35 /* Debug */ = {
			isa = XCBuildConfiguration;
			baseConfigurationReference = E425B7FC791DCCFB1CB52323 /* Pods-MobeWashUITests.debug.xcconfig */;
			buildSettings = {
				ALWAYS_EMBED_SWIFT_STANDARD_LIBRARIES = YES;
				INFOPLIST_FILE = MobeWashUITests/Info.plist;
				LD_RUNPATH_SEARCH_PATHS = "$(inherited) @executable_path/Frameworks @loader_path/Frameworks";
				PRODUCT_BUNDLE_IDENTIFIER = com.seanippolito.MobeWashUITests;
				PRODUCT_NAME = "$(TARGET_NAME)";
				SWIFT_VERSION = 3.0;
				TEST_TARGET_NAME = MobeWash;
			};
			name = Debug;
		};
		780D45F81EA3DDDB00FB4D35 /* Release */ = {
			isa = XCBuildConfiguration;
			baseConfigurationReference = C2D4BD3FC464428E3FEDE0D9 /* Pods-MobeWashUITests.release.xcconfig */;
			buildSettings = {
				ALWAYS_EMBED_SWIFT_STANDARD_LIBRARIES = YES;
				INFOPLIST_FILE = MobeWashUITests/Info.plist;
				LD_RUNPATH_SEARCH_PATHS = "$(inherited) @executable_path/Frameworks @loader_path/Frameworks";
				PRODUCT_BUNDLE_IDENTIFIER = com.seanippolito.MobeWashUITests;
				PRODUCT_NAME = "$(TARGET_NAME)";
				SWIFT_VERSION = 3.0;
				TEST_TARGET_NAME = MobeWash;
			};
			name = Release;
		};
/* End XCBuildConfiguration section */

/* Begin XCConfigurationList section */
		780D45C31EA3DDDA00FB4D35 /* Build configuration list for PBXProject "MobeWash" */ = {
			isa = XCConfigurationList;
			buildConfigurations = (
				780D45EE1EA3DDDB00FB4D35 /* Debug */,
				780D45EF1EA3DDDB00FB4D35 /* Release */,
			);
			defaultConfigurationIsVisible = 0;
			defaultConfigurationName = Release;
		};
		780D45F01EA3DDDB00FB4D35 /* Build configuration list for PBXNativeTarget "MobeWash" */ = {
			isa = XCConfigurationList;
			buildConfigurations = (
				780D45F11EA3DDDB00FB4D35 /* Debug */,
				780D45F21EA3DDDB00FB4D35 /* Release */,
			);
			defaultConfigurationIsVisible = 0;
			defaultConfigurationName = Release;
		};
		780D45F31EA3DDDB00FB4D35 /* Build configuration list for PBXNativeTarget "MobeWashTests" */ = {
			isa = XCConfigurationList;
			buildConfigurations = (
				780D45F41EA3DDDB00FB4D35 /* Debug */,
				780D45F51EA3DDDB00FB4D35 /* Release */,
			);
			defaultConfigurationIsVisible = 0;
			defaultConfigurationName = Release;
		};
		780D45F61EA3DDDB00FB4D35 /* Build configuration list for PBXNativeTarget "MobeWashUITests" */ = {
			isa = XCConfigurationList;
			buildConfigurations = (
				780D45F71EA3DDDB00FB4D35 /* Debug */,
				780D45F81EA3DDDB00FB4D35 /* Release */,
			);
			defaultConfigurationIsVisible = 0;
			defaultConfigurationName = Release;
		};
/* End XCConfigurationList section */
	};
	rootObject = 780D45C01EA3DDDA00FB4D35 /* Project object */;
}
